
Microsoft Visual Studio Solution File, Format Version 12.00
# Visual Studio 15
VisualStudioVersion = 15.0.26430.15
MinimumVisualStudioVersion = 10.0.40219.1
Project("{2150E333-8FDC-42A3-9474-1A3956D46DE8}") = "PartOne", "PartOne", "{D12DDBD3-5311-4727-9234-7A4F6F33AE8D}"
EndProject
Project("{2150E333-8FDC-42A3-9474-1A3956D46DE8}") = "PartTwo", "PartTwo", "{BFE7B605-ADDC-4572-9831-5101DCC0CEAB}"
EndProject
Project("{9A19103F-16F7-4668-BE54-9A1E7A4F7556}") = "ToDoList", "ToDoList\ToDoList.csproj", "{D9AF8029-7C20-42B5-9FD7-7AC28A4586FA}"
EndProject
Project("{2150E333-8FDC-42A3-9474-1A3956D46DE8}") = "PartThree", "PartThree", "{2910EC93-19D3-4ACC-8E0C-9FD023C41F39}"
EndProject
Project("{E24C65DC-7377-472B-9ABA-BC803B73C61A}") = "StaticWebSite", "StaticWebSite\", "{A844A47A-CE50-4E5A-A4C3-3CC17A97CB5C}"
	ProjectSection(WebsiteProperties) = preProject
		TargetFrameworkMoniker = ".NETFramework,Version%3Dv4.5.2"
		Debug.AspNetCompiler.VirtualPath = "/localhost_65370"
		Debug.AspNetCompiler.PhysicalPath = "StaticWebSite\"
		Debug.AspNetCompiler.TargetPath = "PrecompiledWeb\localhost_65370\"
		Debug.AspNetCompiler.Updateable = "true"
		Debug.AspNetCompiler.ForceOverwrite = "true"
		Debug.AspNetCompiler.FixedNames = "false"
		Debug.AspNetCompiler.Debug = "True"
		Release.AspNetCompiler.VirtualPath = "/localhost_65370"
		Release.AspNetCompiler.PhysicalPath = "StaticWebSite\"
		Release.AspNetCompiler.TargetPath = "PrecompiledWeb\localhost_65370\"
		Release.AspNetCompiler.Updateable = "true"
		Release.AspNetCompiler.ForceOverwrite = "true"
		Release.AspNetCompiler.FixedNames = "false"
		Release.AspNetCompiler.Debug = "False"
		VWDPort = "65370"
		SlnRelativePath = "StaticWebSite\"
		DefaultWebSiteLanguage = "Visual C#"
	EndProjectSection
EndProject
Project("{9A19103F-16F7-4668-BE54-9A1E7A4F7556}") = "ToDoList.Web", "ToDoList.Web\ToDoList.Web.csproj", "{39B96879-B1BF-437C-8FB5-28D329E0976E}"
EndProject
Project("{9A19103F-16F7-4668-BE54-9A1E7A4F7556}") = "ChangeProblem", "ChangeProblem\ChangeProblem.csproj", "{7A7B8D44-FF1C-4F2E-953A-55C77A0F368B}"
EndProject
Project("{9A19103F-16F7-4668-BE54-9A1E7A4F7556}") = "ChangeProblem.Test", "ChangeProblem.Test\ChangeProblem.Test.csproj", "{B1807068-CC41-4FB9-BCDF-FBF45A5D897B}"
EndProject
Project("{2150E333-8FDC-42A3-9474-1A3956D46DE8}") = "PartFour", "PartFour", "{3C4C00C4-BCF2-41FC-AC8D-6C0AAE89FC02}"
EndProject
Global
	GlobalSection(SolutionConfigurationPlatforms) = preSolution
		Debug|Any CPU = Debug|Any CPU
		Release|Any CPU = Release|Any CPU
	EndGlobalSection
	GlobalSection(ProjectConfigurationPlatforms) = postSolution
		{D9AF8029-7C20-42B5-9FD7-7AC28A4586FA}.Debug|Any CPU.ActiveCfg = Debug|Any CPU
		{D9AF8029-7C20-42B5-9FD7-7AC28A4586FA}.Debug|Any CPU.Build.0 = Debug|Any CPU
		{D9AF8029-7C20-42B5-9FD7-7AC28A4586FA}.Release|Any CPU.ActiveCfg = Release|Any CPU
		{D9AF8029-7C20-42B5-9FD7-7AC28A4586FA}.Release|Any CPU.Build.0 = Release|Any CPU
		{A844A47A-CE50-4E5A-A4C3-3CC17A97CB5C}.Debug|Any CPU.ActiveCfg = Debug|Any CPU
		{A844A47A-CE50-4E5A-A4C3-3CC17A97CB5C}.Debug|Any CPU.Build.0 = Debug|Any CPU
		{A844A47A-CE50-4E5A-A4C3-3CC17A97CB5C}.Release|Any CPU.ActiveCfg = Debug|Any CPU
		{A844A47A-CE50-4E5A-A4C3-3CC17A97CB5C}.Release|Any CPU.Build.0 = Debug|Any CPU
		{39B96879-B1BF-437C-8FB5-28D329E0976E}.Debug|Any CPU.ActiveCfg = Debug|Any CPU
		{39B96879-B1BF-437C-8FB5-28D329E0976E}.Debug|Any CPU.Build.0 = Debug|Any CPU
		{39B96879-B1BF-437C-8FB5-28D329E0976E}.Release|Any CPU.ActiveCfg = Release|Any CPU
		{39B96879-B1BF-437C-8FB5-28D329E0976E}.Release|Any CPU.Build.0 = Release|Any CPU
		{7A7B8D44-FF1C-4F2E-953A-55C77A0F368B}.Debug|Any CPU.ActiveCfg = Debug|Any CPU
		{7A7B8D44-FF1C-4F2E-953A-55C77A0F368B}.Debug|Any CPU.Build.0 = Debug|Any CPU
		{7A7B8D44-FF1C-4F2E-953A-55C77A0F368B}.Release|Any CPU.ActiveCfg = Release|Any CPU
		{7A7B8D44-FF1C-4F2E-953A-55C77A0F368B}.Release|Any CPU.Build.0 = Release|Any CPU
		{B1807068-CC41-4FB9-BCDF-FBF45A5D897B}.Debug|Any CPU.ActiveCfg = Debug|Any CPU
		{B1807068-CC41-4FB9-BCDF-FBF45A5D897B}.Debug|Any CPU.Build.0 = Debug|Any CPU
		{B1807068-CC41-4FB9-BCDF-FBF45A5D897B}.Release|Any CPU.ActiveCfg = Release|Any CPU
		{B1807068-CC41-4FB9-BCDF-FBF45A5D897B}.Release|Any CPU.Build.0 = Release|Any CPU
	EndGlobalSection
	GlobalSection(SolutionProperties) = preSolution
		HideSolutionNode = FALSE
	EndGlobalSection
	GlobalSection(NestedProjects) = preSolution
		{D9AF8029-7C20-42B5-9FD7-7AC28A4586FA} = {BFE7B605-ADDC-4572-9831-5101DCC0CEAB}
		{A844A47A-CE50-4E5A-A4C3-3CC17A97CB5C} = {2910EC93-19D3-4ACC-8E0C-9FD023C41F39}
		{39B96879-B1BF-437C-8FB5-28D329E0976E} = {3C4C00C4-BCF2-41FC-AC8D-6C0AAE89FC02}
		{7A7B8D44-FF1C-4F2E-953A-55C77A0F368B} = {D12DDBD3-5311-4727-9234-7A4F6F33AE8D}
		{B1807068-CC41-4FB9-BCDF-FBF45A5D897B} = {D12DDBD3-5311-4727-9234-7A4F6F33AE8D}
	EndGlobalSection
EndGlobal
